
Microsoft Visual Studio Solution File, Format Version 12.00
# Visual Studio Version 17
VisualStudioVersion = 17.3.32922.545
MinimumVisualStudioVersion = 10.0.40219.1
Project("{9A19103F-16F7-4668-BE54-9A1E7A4F7556}") = "DotNetRPG", "DotNetRPG.csproj", "{DF658767-4183-4B78-8809-FBF6806469DF}"
EndProject
Global
	GlobalSection(SolutionConfigurationPlatforms) = preSolution
		Debug|Any CPU = Debug|Any CPU
		Release|Any CPU = Release|Any CPU
	EndGlobalSection
	GlobalSection(ProjectConfigurationPlatforms) = postSolution
		{DF658767-4183-4B78-8809-FBF6806469DF}.Debug|Any CPU.ActiveCfg = Debug|Any CPU
		{DF658767-4183-4B78-8809-FBF6806469DF}.Debug|Any CPU.Build.0 = Debug|Any CPU
		{DF658767-4183-4B78-8809-FBF6806469DF}.Release|Any CPU.ActiveCfg = Release|Any CPU
		{DF658767-4183-4B78-8809-FBF6806469DF}.Release|Any CPU.Build.0 = Release|Any CPU
	EndGlobalSection
	GlobalSection(SolutionProperties) = preSolution
		HideSolutionNode = FALSE
	EndGlobalSection
	GlobalSection(ExtensibilityGlobals) = postSolution
		SolutionGuid = {98A08592-FAAF-4DF2-8A79-C92D4F0E5C44}
	EndGlobalSection
EndGlobal
